
Microsoft Visual Studio Solution File, Format Version 12.00
# Visual Studio Version 16
VisualStudioVersion = 16.0.28711.60
MinimumVisualStudioVersion = 10.0.40219.1
Project("{9A19103F-16F7-4668-BE54-9A1E7A4F7556}") = "Web.Api", "Web.Api\Web.Api.csproj", "{39CC82DB-F9FA-405D-914B-DC491F7408DB}"
EndProject
Project("{9A19103F-16F7-4668-BE54-9A1E7A4F7556}") = "Web.Api.Core", "Web.Api.Core\Web.Api.Core.csproj", "{E1FB3417-036E-485B-ABF1-6ECC3124E6F9}"
EndProject
Project("{2150E333-8FDC-42A3-9474-1A3956D46DE8}") = "Tests", "Tests", "{DC62B07E-986B-4266-B540-1BFB3A022EA3}"
EndProject
Project("{9A19103F-16F7-4668-BE54-9A1E7A4F7556}") = "Web.Api.Core.UnitTests", "Tests\Web.Api.Core.UnitTests\Web.Api.Core.UnitTests.csproj", "{DEFF157F-C17E-4164-8FF5-581B373C397A}"
EndProject
Project("{9A19103F-16F7-4668-BE54-9A1E7A4F7556}") = "Web.Api.UnitTests", "Tests\Web.Api.UnitTests\Web.Api.UnitTests.csproj", "{92C5C72D-8537-41A7-B5CE-52D47DEA4E86}"
EndProject
Project("{00D1A9C2-B5F0-4AF3-8072-F6C62B433612}") = "DB.Students", "DB\DB.Students\DB.Students.sqlproj", "{5F11247F-7ED4-4428-85C9-435F821EC36B}"
EndProject
Project("{9A19103F-16F7-4668-BE54-9A1E7A4F7556}") = "DAL", "DAL\DAL.csproj", "{DE2B4DED-73DE-4A8E-B763-CE5F50C3DC75}"
EndProject
Project("{FAE04EC0-301F-11D3-BF4B-00C04F79EFBC}") = "Models", "Models\Models.csproj", "{354760D3-F241-4CEB-B6D1-5584DD3B9EA8}"
EndProject
Global
	GlobalSection(SolutionConfigurationPlatforms) = preSolution
		Debug|Any CPU = Debug|Any CPU
		Release|Any CPU = Release|Any CPU
	EndGlobalSection
	GlobalSection(ProjectConfigurationPlatforms) = postSolution
		{39CC82DB-F9FA-405D-914B-DC491F7408DB}.Debug|Any CPU.ActiveCfg = Debug|Any CPU
		{39CC82DB-F9FA-405D-914B-DC491F7408DB}.Debug|Any CPU.Build.0 = Debug|Any CPU
		{39CC82DB-F9FA-405D-914B-DC491F7408DB}.Release|Any CPU.ActiveCfg = Release|Any CPU
		{39CC82DB-F9FA-405D-914B-DC491F7408DB}.Release|Any CPU.Build.0 = Release|Any CPU
		{E1FB3417-036E-485B-ABF1-6ECC3124E6F9}.Debug|Any CPU.ActiveCfg = Debug|Any CPU
		{E1FB3417-036E-485B-ABF1-6ECC3124E6F9}.Debug|Any CPU.Build.0 = Debug|Any CPU
		{E1FB3417-036E-485B-ABF1-6ECC3124E6F9}.Release|Any CPU.ActiveCfg = Release|Any CPU
		{E1FB3417-036E-485B-ABF1-6ECC3124E6F9}.Release|Any CPU.Build.0 = Release|Any CPU
		{DEFF157F-C17E-4164-8FF5-581B373C397A}.Debug|Any CPU.ActiveCfg = Debug|Any CPU
		{DEFF157F-C17E-4164-8FF5-581B373C397A}.Debug|Any CPU.Build.0 = Debug|Any CPU
		{DEFF157F-C17E-4164-8FF5-581B373C397A}.Release|Any CPU.ActiveCfg = Release|Any CPU
		{DEFF157F-C17E-4164-8FF5-581B373C397A}.Release|Any CPU.Build.0 = Release|Any CPU
		{92C5C72D-8537-41A7-B5CE-52D47DEA4E86}.Debug|Any CPU.ActiveCfg = Debug|Any CPU
		{92C5C72D-8537-41A7-B5CE-52D47DEA4E86}.Debug|Any CPU.Build.0 = Debug|Any CPU
		{92C5C72D-8537-41A7-B5CE-52D47DEA4E86}.Release|Any CPU.ActiveCfg = Release|Any CPU
		{92C5C72D-8537-41A7-B5CE-52D47DEA4E86}.Release|Any CPU.Build.0 = Release|Any CPU
		{5F11247F-7ED4-4428-85C9-435F821EC36B}.Debug|Any CPU.ActiveCfg = Debug|Any CPU
		{5F11247F-7ED4-4428-85C9-435F821EC36B}.Debug|Any CPU.Build.0 = Debug|Any CPU
		{5F11247F-7ED4-4428-85C9-435F821EC36B}.Debug|Any CPU.Deploy.0 = Debug|Any CPU
		{5F11247F-7ED4-4428-85C9-435F821EC36B}.Release|Any CPU.ActiveCfg = Release|Any CPU
		{5F11247F-7ED4-4428-85C9-435F821EC36B}.Release|Any CPU.Build.0 = Release|Any CPU
		{5F11247F-7ED4-4428-85C9-435F821EC36B}.Release|Any CPU.Deploy.0 = Release|Any CPU
		{DE2B4DED-73DE-4A8E-B763-CE5F50C3DC75}.Debug|Any CPU.ActiveCfg = Debug|Any CPU
		{DE2B4DED-73DE-4A8E-B763-CE5F50C3DC75}.Debug|Any CPU.Build.0 = Debug|Any CPU
		{DE2B4DED-73DE-4A8E-B763-CE5F50C3DC75}.Release|Any CPU.ActiveCfg = Release|Any CPU
		{DE2B4DED-73DE-4A8E-B763-CE5F50C3DC75}.Release|Any CPU.Build.0 = Release|Any CPU
		{354760D3-F241-4CEB-B6D1-5584DD3B9EA8}.Debug|Any CPU.ActiveCfg = Debug|Any CPU
		{354760D3-F241-4CEB-B6D1-5584DD3B9EA8}.Debug|Any CPU.Build.0 = Debug|Any CPU
		{354760D3-F241-4CEB-B6D1-5584DD3B9EA8}.Release|Any CPU.ActiveCfg = Release|Any CPU
		{354760D3-F241-4CEB-B6D1-5584DD3B9EA8}.Release|Any CPU.Build.0 = Release|Any CPU
	EndGlobalSection
	GlobalSection(SolutionProperties) = preSolution
		HideSolutionNode = FALSE
	EndGlobalSection
	GlobalSection(NestedProjects) = preSolution
		{DEFF157F-C17E-4164-8FF5-581B373C397A} = {DC62B07E-986B-4266-B540-1BFB3A022EA3}
		{92C5C72D-8537-41A7-B5CE-52D47DEA4E86} = {DC62B07E-986B-4266-B540-1BFB3A022EA3}
	EndGlobalSection
	GlobalSection(ExtensibilityGlobals) = postSolution
		SolutionGuid = {93E35E30-C940-4DC3-A97E-420198B4B929}
	EndGlobalSection
EndGlobal
